// !$*UTF8*$!
{
	archiveVersion = 1;
	classes = {
	};
	objectVersion = 55;
	objects = {

/* Begin PBXBuildFile section */
		FE3C4BD32801DD7D00D0F0ED /* main.cpp in Sources */ = {isa = PBXBuildFile; fileRef = FE3C4BD22801DD7D00D0F0ED /* main.cpp */; };
/* End PBXBuildFile section */

/* Begin PBXCopyFilesBuildPhase section */
		FE3C4BCD2801DD7D00D0F0ED /* CopyFiles */ = {
			isa = PBXCopyFilesBuildPhase;
			buildActionMask = 2147483647;
			dstPath = /usr/share/man/man1/;
			dstSubfolderSpec = 0;
			files = (
			);
			runOnlyForDeploymentPostprocessing = 1;
		};
/* End PBXCopyFilesBuildPhase section */

/* Begin PBXFileReference section */
		FE3C4BCF2801DD7D00D0F0ED /* VictimOffenderProfiler */ = {isa = PBXFileReference; explicitFileType = "compiled.mach-o.executable"; includeInIndex = 0; path = VictimOffenderProfiler; sourceTree = BUILT_PRODUCTS_DIR; };
		FE3C4BD22801DD7D00D0F0ED /* main.cpp */ = {isa = PBXFileReference; lastKnownFileType = sourcecode.cpp.cpp; path = main.cpp; sourceTree = "<group>"; };
		FEAC01C72801F7090087AA1A /* NIBRS_BIAS_LIST.csv */ = {isa = PBXFileReference; fileEncoding = 4; lastKnownFileType = text; path = NIBRS_BIAS_LIST.csv; sourceTree = "<group>"; };
		FEAC01C82801F70A0087AA1A /* NIBRS_RELATIONSHIP.csv */ = {isa = PBXFileReference; fileEncoding = 4; lastKnownFileType = text; path = NIBRS_RELATIONSHIP.csv; sourceTree = "<group>"; };
		FEAC01C92801F70A0087AA1A /* NIBRS_VICTIM.csv */ = {isa = PBXFileReference; fileEncoding = 4; lastKnownFileType = text; path = NIBRS_VICTIM.csv; sourceTree = "<group>"; };
		FEAC01CA2801F70A0087AA1A /* NIBRS_VICTIM_OFFENDER_REL.csv */ = {isa = PBXFileReference; fileEncoding = 4; lastKnownFileType = text; path = NIBRS_VICTIM_OFFENDER_REL.csv; sourceTree = "<group>"; };
		FEAC01CB2801F70A0087AA1A /* NIBRS_OFFENSE.csv */ = {isa = PBXFileReference; fileEncoding = 4; lastKnownFileType = text; path = NIBRS_OFFENSE.csv; sourceTree = "<group>"; };
		FEAC01CC2801F70A0087AA1A /* NIBRS_BIAS_MOTIVATION.csv */ = {isa = PBXFileReference; fileEncoding = 4; lastKnownFileType = text; path = NIBRS_BIAS_MOTIVATION.csv; sourceTree = "<group>"; };
		FEAC01CD2801F70A0087AA1A /* NIBRS_VICTIM_OFFENSE.csv */ = {isa = PBXFileReference; fileEncoding = 4; lastKnownFileType = text; path = NIBRS_VICTIM_OFFENSE.csv; sourceTree = "<group>"; };
		FEDF8FD52801E6000022FCCD /* rapidcsv.h */ = {isa = PBXFileReference; fileEncoding = 4; lastKnownFileType = sourcecode.c.h; path = rapidcsv.h; sourceTree = "<group>"; };
/* End PBXFileReference section */

/* Begin PBXFrameworksBuildPhase section */
		FE3C4BCC2801DD7D00D0F0ED /* Frameworks */ = {
			isa = PBXFrameworksBuildPhase;
			buildActionMask = 2147483647;
			files = (
			);
			runOnlyForDeploymentPostprocessing = 0;
		};
/* End PBXFrameworksBuildPhase section */

/* Begin PBXGroup section */
		FE3C4BC62801DD7D00D0F0ED = {
			isa = PBXGroup;
			children = (
				FE3C4BD12801DD7D00D0F0ED /* VictimOffenderProfiler */,
				FE3C4BD02801DD7D00D0F0ED /* Products */,
			);
			sourceTree = "<group>";
		};
		FE3C4BD02801DD7D00D0F0ED /* Products */ = {
			isa = PBXGroup;
			children = (
				FE3C4BCF2801DD7D00D0F0ED /* VictimOffenderProfiler */,
			);
			name = Products;
			sourceTree = "<group>";
		};
		FE3C4BD12801DD7D00D0F0ED /* VictimOffenderProfiler */ = {
			isa = PBXGroup;
			children = (
				FEAC01C02801E7700087AA1A /* Data */,
				FEDF8FD42801E5B20022FCCD /* lib */,
				FE3C4BD22801DD7D00D0F0ED /* main.cpp */,
			);
			path = VictimOffenderProfiler;
			sourceTree = "<group>";
		};
		FEAC01C02801E7700087AA1A /* Data */ = {
			isa = PBXGroup;
			children = (
				FEAC01C32801E7A30087AA1A /* Output */,
				FEAC01C22801E7960087AA1A /* CleanInput */,
				FEAC01C12801E7810087AA1A /* RawSource */,
			);
			path = Data;
			sourceTree = "<group>";
		};
		FEAC01C12801E7810087AA1A /* RawSource */ = {
			isa = PBXGroup;
			children = (
				FEAC01C72801F7090087AA1A /* NIBRS_BIAS_LIST.csv */,
				FEAC01CC2801F70A0087AA1A /* NIBRS_BIAS_MOTIVATION.csv */,
				FEAC01CB2801F70A0087AA1A /* NIBRS_OFFENSE.csv */,
				FEAC01C82801F70A0087AA1A /* NIBRS_RELATIONSHIP.csv */,
				FEAC01CA2801F70A0087AA1A /* NIBRS_VICTIM_OFFENDER_REL.csv */,
				FEAC01CD2801F70A0087AA1A /* NIBRS_VICTIM_OFFENSE.csv */,
				FEAC01C92801F70A0087AA1A /* NIBRS_VICTIM.csv */,
				FEAC01C62801E9050087AA1A /* Visuals */,
			);
			path = RawSource;
			sourceTree = "<group>";
		};
		FEAC01C22801E7960087AA1A /* CleanInput */ = {
			isa = PBXGroup;
			children = (
				FEAC01C52801E8FE0087AA1A /* Visuals */,
			);
			path = CleanInput;
			sourceTree = "<group>";
		};
		FEAC01C32801E7A30087AA1A /* Output */ = {
			isa = PBXGroup;
			children = (
				FEAC01C42801E8F00087AA1A /* Visuals */,
			);
			path = Output;
			sourceTree = "<group>";
		};
		FEAC01C42801E8F00087AA1A /* Visuals */ = {
			isa = PBXGroup;
			children = (
			);
			path = Visuals;
			sourceTree = "<group>";
		};
		FEAC01C52801E8FE0087AA1A /* Visuals */ = {
			isa = PBXGroup;
			children = (
			);
			path = Visuals;
			sourceTree = "<group>";
		};
		FEAC01C62801E9050087AA1A /* Visuals */ = {
			isa = PBXGroup;
			children = (
			);
			path = Visuals;
			sourceTree = "<group>";
		};
		FEDF8FD42801E5B20022FCCD /* lib */ = {
			isa = PBXGroup;
			children = (
				FEDF8FD52801E6000022FCCD /* rapidcsv.h */,
			);
			path = lib;
			sourceTree = "<group>";
		};
/* End PBXGroup section */

/* Begin PBXNativeTarget section */
		FE3C4BCE2801DD7D00D0F0ED /* VictimOffenderProfiler */ = {
			isa = PBXNativeTarget;
			buildConfigurationList = FE3C4BD62801DD7D00D0F0ED /* Build configuration list for PBXNativeTarget "VictimOffenderProfiler" */;
			buildPhases = (
				FE3C4BCB2801DD7D00D0F0ED /* Sources */,
				FE3C4BCC2801DD7D00D0F0ED /* Frameworks */,
				FE3C4BCD2801DD7D00D0F0ED /* CopyFiles */,
			);
			buildRules = (
			);
			dependencies = (
			);
			name = VictimOffenderProfiler;
			productName = VictimOffenderProfiler;
			productReference = FE3C4BCF2801DD7D00D0F0ED /* VictimOffenderProfiler */;
			productType = "com.apple.product-type.tool";
		};
/* End PBXNativeTarget section */

/* Begin PBXProject section */
		FE3C4BC72801DD7D00D0F0ED /* Project object */ = {
			isa = PBXProject;
			attributes = {
				BuildIndependentTargetsInParallel = 1;
				LastUpgradeCheck = 1330;
				TargetAttributes = {
					FE3C4BCE2801DD7D00D0F0ED = {
						CreatedOnToolsVersion = 13.3;
					};
				};
			};
			buildConfigurationList = FE3C4BCA2801DD7D00D0F0ED /* Build configuration list for PBXProject "VictimOffenderProfiler" */;
			compatibilityVersion = "Xcode 13.0";
			developmentRegion = en;
			hasScannedForEncodings = 0;
			knownRegions = (
				en,
				Base,
			);
			mainGroup = FE3C4BC62801DD7D00D0F0ED;
			productRefGroup = FE3C4BD02801DD7D00D0F0ED /* Products */;
			projectDirPath = "";
			projectRoot = "";
			targets = (
				FE3C4BCE2801DD7D00D0F0ED /* VictimOffenderProfiler */,
			);
		};
/* End PBXProject section */

/* Begin PBXSourcesBuildPhase section */
		FE3C4BCB2801DD7D00D0F0ED /* Sources */ = {
			isa = PBXSourcesBuildPhase;
			buildActionMask = 2147483647;
			files = (
				FE3C4BD32801DD7D00D0F0ED /* main.cpp in Sources */,
			);
			runOnlyForDeploymentPostprocessing = 0;
		};
/* End PBXSourcesBuildPhase section */

/* Begin XCBuildConfiguration section */
		FE3C4BD42801DD7D00D0F0ED /* Debug */ = {
			isa = XCBuildConfiguration;
			buildSettings = {
				ALWAYS_SEARCH_USER_PATHS = NO;
				CLANG_ANALYZER_NONNULL = YES;
				CLANG_ANALYZER_NUMBER_OBJECT_CONVERSION = YES_AGGRESSIVE;
				CLANG_CXX_LANGUAGE_STANDARD = "gnu++17";
				CLANG_ENABLE_MODULES = YES;
				CLANG_ENABLE_OBJC_ARC = YES;
				CLANG_ENABLE_OBJC_WEAK = YES;
				CLANG_WARN_BLOCK_CAPTURE_AUTORELEASING = YES;
				CLANG_WARN_BOOL_CONVERSION = YES;
				CLANG_WARN_COMMA = YES;
				CLANG_WARN_CONSTANT_CONVERSION = YES;
				CLANG_WARN_DEPRECATED_OBJC_IMPLEMENTATIONS = YES;
				CLANG_WARN_DIRECT_OBJC_ISA_USAGE = YES_ERROR;
				CLANG_WARN_DOCUMENTATION_COMMENTS = YES;
				CLANG_WARN_EMPTY_BODY = YES;
				CLANG_WARN_ENUM_CONVERSION = YES;
				CLANG_WARN_INFINITE_RECURSION = YES;
				CLANG_WARN_INT_CONVERSION = YES;
				CLANG_WARN_NON_LITERAL_NULL_CONVERSION = YES;
				CLANG_WARN_OBJC_IMPLICIT_RETAIN_SELF = YES;
				CLANG_WARN_OBJC_LITERAL_CONVERSION = YES;
				CLANG_WARN_OBJC_ROOT_CLASS = YES_ERROR;
				CLANG_WARN_QUOTED_INCLUDE_IN_FRAMEWORK_HEADER = YES;
				CLANG_WARN_RANGE_LOOP_ANALYSIS = YES;
				CLANG_WARN_STRICT_PROTOTYPES = YES;
				CLANG_WARN_SUSPICIOUS_MOVE = YES;
				CLANG_WARN_UNGUARDED_AVAILABILITY = YES_AGGRESSIVE;
				CLANG_WARN_UNREACHABLE_CODE = YES;
				CLANG_WARN__DUPLICATE_METHOD_MATCH = YES;
				COPY_PHASE_STRIP = NO;
				DEBUG_INFORMATION_FORMAT = dwarf;
				ENABLE_STRICT_OBJC_MSGSEND = YES;
				ENABLE_TESTABILITY = YES;
				GCC_C_LANGUAGE_STANDARD = gnu11;
				GCC_DYNAMIC_NO_PIC = NO;
				GCC_NO_COMMON_BLOCKS = YES;
				GCC_OPTIMIZATION_LEVEL = 0;
				GCC_PREPROCESSOR_DEFINITIONS = (
					"DEBUG=1",
					"$(inherited)",
				);
				GCC_WARN_64_TO_32_BIT_CONVERSION = YES;
				GCC_WARN_ABOUT_RETURN_TYPE = YES_ERROR;
				GCC_WARN_UNDECLARED_SELECTOR = YES;
				GCC_WARN_UNINITIALIZED_AUTOS = YES_AGGRESSIVE;
				GCC_WARN_UNUSED_FUNCTION = YES;
				GCC_WARN_UNUSED_VARIABLE = YES;
				MACOSX_DEPLOYMENT_TARGET = 12.2;
				MTL_ENABLE_DEBUG_INFO = INCLUDE_SOURCE;
				MTL_FAST_MATH = YES;
				ONLY_ACTIVE_ARCH = YES;
				SDKROOT = macosx;
			};
			name = Debug;
		};
		FE3C4BD52801DD7D00D0F0ED /* Release */ = {
			isa = XCBuildConfiguration;
			buildSettings = {
				ALWAYS_SEARCH_USER_PATHS = NO;
				CLANG_ANALYZER_NONNULL = YES;
				CLANG_ANALYZER_NUMBER_OBJECT_CONVERSION = YES_AGGRESSIVE;
				CLANG_CXX_LANGUAGE_STANDARD = "gnu++17";
				CLANG_ENABLE_MODULES = YES;
				CLANG_ENABLE_OBJC_ARC = YES;
				CLANG_ENABLE_OBJC_WEAK = YES;
				CLANG_WARN_BLOCK_CAPTURE_AUTORELEASING = YES;
				CLANG_WARN_BOOL_CONVERSION = YES;
				CLANG_WARN_COMMA = YES;
				CLANG_WARN_CONSTANT_CONVERSION = YES;
				CLANG_WARN_DEPRECATED_OBJC_IMPLEMENTATIONS = YES;
				CLANG_WARN_DIRECT_OBJC_ISA_USAGE = YES_ERROR;
				CLANG_WARN_DOCUMENTATION_COMMENTS = YES;
				CLANG_WARN_EMPTY_BODY = YES;
				CLANG_WARN_ENUM_CONVERSION = YES;
				CLANG_WARN_INFINITE_RECURSION = YES;
				CLANG_WARN_INT_CONVERSION = YES;
				CLANG_WARN_NON_LITERAL_NULL_CONVERSION = YES;
				CLANG_WARN_OBJC_IMPLICIT_RETAIN_SELF = YES;
				CLANG_WARN_OBJC_LITERAL_CONVERSION = YES;
				CLANG_WARN_OBJC_ROOT_CLASS = YES_ERROR;
				CLANG_WARN_QUOTED_INCLUDE_IN_FRAMEWORK_HEADER = YES;
				CLANG_WARN_RANGE_LOOP_ANALYSIS = YES;
				CLANG_WARN_STRICT_PROTOTYPES = YES;
				CLANG_WARN_SUSPICIOUS_MOVE = YES;
				CLANG_WARN_UNGUARDED_AVAILABILITY = YES_AGGRESSIVE;
				CLANG_WARN_UNREACHABLE_CODE = YES;
				CLANG_WARN__DUPLICATE_METHOD_MATCH = YES;
				COPY_PHASE_STRIP = NO;
				DEBUG_INFORMATION_FORMAT = "dwarf-with-dsym";
				ENABLE_NS_ASSERTIONS = NO;
				ENABLE_STRICT_OBJC_MSGSEND = YES;
				GCC_C_LANGUAGE_STANDARD = gnu11;
				GCC_NO_COMMON_BLOCKS = YES;
				GCC_WARN_64_TO_32_BIT_CONVERSION = YES;
				GCC_WARN_ABOUT_RETURN_TYPE = YES_ERROR;
				GCC_WARN_UNDECLARED_SELECTOR = YES;
				GCC_WARN_UNINITIALIZED_AUTOS = YES_AGGRESSIVE;
				GCC_WARN_UNUSED_FUNCTION = YES;
				GCC_WARN_UNUSED_VARIABLE = YES;
				MACOSX_DEPLOYMENT_TARGET = 12.2;
				MTL_ENABLE_DEBUG_INFO = NO;
				MTL_FAST_MATH = YES;
				SDKROOT = macosx;
			};
			name = Release;
		};
		FE3C4BD72801DD7D00D0F0ED /* Debug */ = {
			isa = XCBuildConfiguration;
			buildSettings = {
				CODE_SIGN_STYLE = Automatic;
				PRODUCT_NAME = "$(TARGET_NAME)";
			};
			name = Debug;
		};
		FE3C4BD82801DD7D00D0F0ED /* Release */ = {
			isa = XCBuildConfiguration;
			buildSettings = {
				CODE_SIGN_STYLE = Automatic;
				PRODUCT_NAME = "$(TARGET_NAME)";
			};
			name = Release;
		};
/* End XCBuildConfiguration section */

/* Begin XCConfigurationList section */
		FE3C4BCA2801DD7D00D0F0ED /* Build configuration list for PBXProject "VictimOffenderProfiler" */ = {
			isa = XCConfigurationList;
			buildConfigurations = (
				FE3C4BD42801DD7D00D0F0ED /* Debug */,
				FE3C4BD52801DD7D00D0F0ED /* Release */,
			);
			defaultConfigurationIsVisible = 0;
			defaultConfigurationName = Release;
		};
		FE3C4BD62801DD7D00D0F0ED /* Build configuration list for PBXNativeTarget "VictimOffenderProfiler" */ = {
			isa = XCConfigurationList;
			buildConfigurations = (
				FE3C4BD72801DD7D00D0F0ED /* Debug */,
				FE3C4BD82801DD7D00D0F0ED /* Release */,
			);
			defaultConfigurationIsVisible = 0;
			defaultConfigurationName = Release;
		};
/* End XCConfigurationList section */
	};
	rootObject = FE3C4BC72801DD7D00D0F0ED /* Project object */;
}
